
Microsoft Visual Studio Solution File, Format Version 12.00
# Visual Studio Version 17
VisualStudioVersion = 17.1.32228.430
MinimumVisualStudioVersion = 10.0.40219.1
Project("{FAE04EC0-301F-11D3-BF4B-00C04F79EFBC}") = "CalculadoraMontos", "CalculadoraMontos\CalculadoraMontos.csproj", "{E16B56FC-A737-4DE2-8B84-B9477D935B56}"
EndProject
Project("{FAE04EC0-301F-11D3-BF4B-00C04F79EFBC}") = "PromedioNotas", "PromedioNotas\PromedioNotas.csproj", "{10E94EE4-977B-4CA1-BA25-D1F135595D4D}"
EndProject
Project("{FAE04EC0-301F-11D3-BF4B-00C04F79EFBC}") = "ConversioDeMedidas", "ConversioDeMedidas\ConversioDeMedidas.csproj", "{1E1D21AF-DB0F-4C25-9550-D30283E16DEA}"
EndProject
Project("{FAE04EC0-301F-11D3-BF4B-00C04F79EFBC}") = "CapitalDeEmpresa", "CapitalDeEmpresa\CapitalDeEmpresa.csproj", "{ED47B5E9-2561-42E0-8284-B03B0B0B264B}"
EndProject
Project("{FAE04EC0-301F-11D3-BF4B-00C04F79EFBC}") = "ControlDeVentasDeProductos", "ControlDeVentasDeProductos\ControlDeVentasDeProductos.csproj", "{1D4FE32E-2600-43ED-8CD8-51CDB1CE26CC}"
EndProject
Global
	GlobalSection(SolutionConfigurationPlatforms) = preSolution
		Debug|Any CPU = Debug|Any CPU
		Release|Any CPU = Release|Any CPU
	EndGlobalSection
	GlobalSection(ProjectConfigurationPlatforms) = postSolution
		{E16B56FC-A737-4DE2-8B84-B9477D935B56}.Debug|Any CPU.ActiveCfg = Debug|Any CPU
		{E16B56FC-A737-4DE2-8B84-B9477D935B56}.Debug|Any CPU.Build.0 = Debug|Any CPU
		{E16B56FC-A737-4DE2-8B84-B9477D935B56}.Release|Any CPU.ActiveCfg = Release|Any CPU
		{E16B56FC-A737-4DE2-8B84-B9477D935B56}.Release|Any CPU.Build.0 = Release|Any CPU
		{10E94EE4-977B-4CA1-BA25-D1F135595D4D}.Debug|Any CPU.ActiveCfg = Debug|Any CPU
		{10E94EE4-977B-4CA1-BA25-D1F135595D4D}.Debug|Any CPU.Build.0 = Debug|Any CPU
		{10E94EE4-977B-4CA1-BA25-D1F135595D4D}.Release|Any CPU.ActiveCfg = Release|Any CPU
		{10E94EE4-977B-4CA1-BA25-D1F135595D4D}.Release|Any CPU.Build.0 = Release|Any CPU
		{1E1D21AF-DB0F-4C25-9550-D30283E16DEA}.Debug|Any CPU.ActiveCfg = Debug|Any CPU
		{1E1D21AF-DB0F-4C25-9550-D30283E16DEA}.Debug|Any CPU.Build.0 = Debug|Any CPU
		{1E1D21AF-DB0F-4C25-9550-D30283E16DEA}.Release|Any CPU.ActiveCfg = Release|Any CPU
		{1E1D21AF-DB0F-4C25-9550-D30283E16DEA}.Release|Any CPU.Build.0 = Release|Any CPU
		{ED47B5E9-2561-42E0-8284-B03B0B0B264B}.Debug|Any CPU.ActiveCfg = Debug|Any CPU
		{ED47B5E9-2561-42E0-8284-B03B0B0B264B}.Debug|Any CPU.Build.0 = Debug|Any CPU
		{ED47B5E9-2561-42E0-8284-B03B0B0B264B}.Release|Any CPU.ActiveCfg = Release|Any CPU
		{ED47B5E9-2561-42E0-8284-B03B0B0B264B}.Release|Any CPU.Build.0 = Release|Any CPU
		{1D4FE32E-2600-43ED-8CD8-51CDB1CE26CC}.Debug|Any CPU.ActiveCfg = Debug|Any CPU
		{1D4FE32E-2600-43ED-8CD8-51CDB1CE26CC}.Debug|Any CPU.Build.0 = Debug|Any CPU
		{1D4FE32E-2600-43ED-8CD8-51CDB1CE26CC}.Release|Any CPU.ActiveCfg = Release|Any CPU
		{1D4FE32E-2600-43ED-8CD8-51CDB1CE26CC}.Release|Any CPU.Build.0 = Release|Any CPU
	EndGlobalSection
	GlobalSection(SolutionProperties) = preSolution
		HideSolutionNode = FALSE
	EndGlobalSection
	GlobalSection(ExtensibilityGlobals) = postSolution
		SolutionGuid = {C0CE8619-66B1-4F09-BCD3-26A0E2433489}
	EndGlobalSection
EndGlobal
